// !$*UTF8*$!
{
	archiveVersion = 1;
	classes = {
	};
	objectVersion = 46;
	objects = {

/* Begin PBXBuildFile section */
		A61F0E101B6D6891001989CB /* OpenGL.framework in Frameworks */ = {isa = PBXBuildFile; fileRef = A61F0E0F1B6D6891001989CB /* OpenGL.framework */; };
		A61F0E261B6EB43E001989CB /* libglfw3.a in Frameworks */ = {isa = PBXBuildFile; fileRef = A61F0E251B6EB43E001989CB /* libglfw3.a */; };
		CF404C551B6EC6820019FF06 /* main_joe.cpp in Sources */ = {isa = PBXBuildFile; fileRef = CF404C541B6EC6820019FF06 /* main_joe.cpp */; };
/* End PBXBuildFile section */

/* Begin PBXCopyFilesBuildPhase section */
		A61F0DFF1B6D6691001989CB /* CopyFiles */ = {
			isa = PBXCopyFilesBuildPhase;
			buildActionMask = 2147483647;
			dstPath = /usr/share/man/man1/;
			dstSubfolderSpec = 0;
			files = (
			);
			runOnlyForDeploymentPostprocessing = 1;
		};
/* End PBXCopyFilesBuildPhase section */

/* Begin PBXFileReference section */
		A61F0E011B6D6691001989CB /* cs148project */ = {isa = PBXFileReference; explicitFileType = "compiled.mach-o.executable"; includeInIndex = 0; path = cs148project; sourceTree = BUILT_PRODUCTS_DIR; };
		A61F0E041B6D6691001989CB /* main_old.cpp */ = {isa = PBXFileReference; lastKnownFileType = sourcecode.cpp.cpp; path = main_old.cpp; sourceTree = "<group>"; };
		A61F0E0F1B6D6891001989CB /* OpenGL.framework */ = {isa = PBXFileReference; lastKnownFileType = wrapper.framework; name = OpenGL.framework; path = System/Library/Frameworks/OpenGL.framework; sourceTree = SDKROOT; };
		A61F0E121B6D6AEF001989CB /* SimpleShaderProgram.h */ = {isa = PBXFileReference; fileEncoding = 4; lastKnownFileType = sourcecode.c.h; path = SimpleShaderProgram.h; sourceTree = "<group>"; };
		A61F0E131B6D77FE001989CB /* cube.obj */ = {isa = PBXFileReference; lastKnownFileType = text; path = cube.obj; sourceTree = "<group>"; };
		A61F0E161B6DF6C0001989CB /* vertex.shader */ = {isa = PBXFileReference; fileEncoding = 4; lastKnownFileType = text; path = vertex.shader; sourceTree = "<group>"; xcLanguageSpecificationIdentifier = xcode.lang.glsl; };
		A61F0E171B6DF6CA001989CB /* fragment.shader */ = {isa = PBXFileReference; fileEncoding = 4; lastKnownFileType = text; path = fragment.shader; sourceTree = "<group>"; xcLanguageSpecificationIdentifier = xcode.lang.glsl; };
		A61F0E181B6DF6D4001989CB /* tess_control.shader */ = {isa = PBXFileReference; fileEncoding = 4; lastKnownFileType = text; path = tess_control.shader; sourceTree = "<group>"; xcLanguageSpecificationIdentifier = xcode.lang.glsl; };
		A61F0E191B6DF6E6001989CB /* tess_eval.shader */ = {isa = PBXFileReference; fileEncoding = 4; lastKnownFileType = text; path = tess_eval.shader; sourceTree = "<group>"; xcLanguageSpecificationIdentifier = xcode.lang.glsl; };
		A61F0E1A1B6DF6EF001989CB /* geometry.shader */ = {isa = PBXFileReference; fileEncoding = 4; lastKnownFileType = text; path = geometry.shader; sourceTree = "<group>"; xcLanguageSpecificationIdentifier = xcode.lang.glsl; };
		A61F0E241B6EAA03001989CB /* glm */ = {isa = PBXFileReference; lastKnownFileType = folder; path = glm; sourceTree = "<group>"; };
		A61F0E251B6EB43E001989CB /* libglfw3.a */ = {isa = PBXFileReference; lastKnownFileType = archive.ar; name = libglfw3.a; path = cs148project/libglfw3.a; sourceTree = "<group>"; };
		CF404C541B6EC6820019FF06 /* main_joe.cpp */ = {isa = PBXFileReference; fileEncoding = 4; lastKnownFileType = sourcecode.cpp.cpp; path = main_joe.cpp; sourceTree = "<group>"; };
/* End PBXFileReference section */

/* Begin PBXFrameworksBuildPhase section */
		A61F0DFE1B6D6691001989CB /* Frameworks */ = {
			isa = PBXFrameworksBuildPhase;
			buildActionMask = 2147483647;
			files = (
				A61F0E101B6D6891001989CB /* OpenGL.framework in Frameworks */,
				A61F0E261B6EB43E001989CB /* libglfw3.a in Frameworks */,
			);
			runOnlyForDeploymentPostprocessing = 0;
		};
/* End PBXFrameworksBuildPhase section */

/* Begin PBXGroup section */
		A61F0DF81B6D6691001989CB = {
			isa = PBXGroup;
			children = (
				A61F0E251B6EB43E001989CB /* libglfw3.a */,
				A61F0E0F1B6D6891001989CB /* OpenGL.framework */,
				A61F0E031B6D6691001989CB /* cs148project */,
				A61F0E021B6D6691001989CB /* Products */,
			);
			sourceTree = "<group>";
		};
		A61F0E021B6D6691001989CB /* Products */ = {
			isa = PBXGroup;
			children = (
				A61F0E011B6D6691001989CB /* cs148project */,
			);
			name = Products;
			sourceTree = "<group>";
		};
		A61F0E031B6D6691001989CB /* cs148project */ = {
			isa = PBXGroup;
			children = (
				A61F0E241B6EAA03001989CB /* glm */,
				A61F0E131B6D77FE001989CB /* cube.obj */,
				A61F0E121B6D6AEF001989CB /* SimpleShaderProgram.h */,
				A61F0E041B6D6691001989CB /* main_old.cpp */,
				A61F0E161B6DF6C0001989CB /* vertex.shader */,
				A61F0E171B6DF6CA001989CB /* fragment.shader */,
				A61F0E181B6DF6D4001989CB /* tess_control.shader */,
				A61F0E191B6DF6E6001989CB /* tess_eval.shader */,
				A61F0E1A1B6DF6EF001989CB /* geometry.shader */,
				CF404C541B6EC6820019FF06 /* main_joe.cpp */,
			);
			path = cs148project;
			sourceTree = "<group>";
		};
/* End PBXGroup section */

/* Begin PBXNativeTarget section */
		A61F0E001B6D6691001989CB /* cs148project */ = {
			isa = PBXNativeTarget;
			buildConfigurationList = A61F0E081B6D6691001989CB /* Build configuration list for PBXNativeTarget "cs148project" */;
			buildPhases = (
				A61F0DFD1B6D6691001989CB /* Sources */,
				A61F0DFE1B6D6691001989CB /* Frameworks */,
				A61F0DFF1B6D6691001989CB /* CopyFiles */,
			);
			buildRules = (
			);
			dependencies = (
			);
			name = cs148project;
			productName = cs148project;
			productReference = A61F0E011B6D6691001989CB /* cs148project */;
			productType = "com.apple.product-type.tool";
		};
/* End PBXNativeTarget section */

/* Begin PBXProject section */
		A61F0DF91B6D6691001989CB /* Project object */ = {
			isa = PBXProject;
			attributes = {
				LastUpgradeCheck = 0630;
				ORGANIZATIONNAME = "Michael Weingert";
				TargetAttributes = {
					A61F0E001B6D6691001989CB = {
						CreatedOnToolsVersion = 6.3.1;
					};
				};
			};
			buildConfigurationList = A61F0DFC1B6D6691001989CB /* Build configuration list for PBXProject "cs148project" */;
			compatibilityVersion = "Xcode 3.2";
			developmentRegion = English;
			hasScannedForEncodings = 0;
			knownRegions = (
				en,
			);
			mainGroup = A61F0DF81B6D6691001989CB;
			productRefGroup = A61F0E021B6D6691001989CB /* Products */;
			projectDirPath = "";
			projectRoot = "";
			targets = (
				A61F0E001B6D6691001989CB /* cs148project */,
			);
		};
/* End PBXProject section */

/* Begin PBXSourcesBuildPhase section */
		A61F0DFD1B6D6691001989CB /* Sources */ = {
			isa = PBXSourcesBuildPhase;
			buildActionMask = 2147483647;
			files = (
				CF404C551B6EC6820019FF06 /* main_joe.cpp in Sources */,
			);
			runOnlyForDeploymentPostprocessing = 0;
		};
/* End PBXSourcesBuildPhase section */

/* Begin XCBuildConfiguration section */
		A61F0E061B6D6691001989CB /* Debug */ = {
			isa = XCBuildConfiguration;
			buildSettings = {
				ALWAYS_SEARCH_USER_PATHS = NO;
				CLANG_CXX_LANGUAGE_STANDARD = "gnu++0x";
				CLANG_CXX_LIBRARY = "libc++";
				CLANG_ENABLE_MODULES = YES;
				CLANG_ENABLE_OBJC_ARC = YES;
				CLANG_WARN_BOOL_CONVERSION = YES;
				CLANG_WARN_CONSTANT_CONVERSION = YES;
				CLANG_WARN_DIRECT_OBJC_ISA_USAGE = YES_ERROR;
				CLANG_WARN_EMPTY_BODY = YES;
				CLANG_WARN_ENUM_CONVERSION = YES;
				CLANG_WARN_INT_CONVERSION = YES;
				CLANG_WARN_OBJC_ROOT_CLASS = YES_ERROR;
				CLANG_WARN_UNREACHABLE_CODE = YES;
				CLANG_WARN__DUPLICATE_METHOD_MATCH = YES;
				COPY_PHASE_STRIP = NO;
				DEBUG_INFORMATION_FORMAT = dwarf;
				ENABLE_STRICT_OBJC_MSGSEND = YES;
				GCC_C_LANGUAGE_STANDARD = gnu99;
				GCC_DYNAMIC_NO_PIC = NO;
				GCC_NO_COMMON_BLOCKS = YES;
				GCC_OPTIMIZATION_LEVEL = 0;
				GCC_PREPROCESSOR_DEFINITIONS = (
					"DEBUG=1",
					"$(inherited)",
				);
				GCC_SYMBOLS_PRIVATE_EXTERN = NO;
				GCC_WARN_64_TO_32_BIT_CONVERSION = YES;
				GCC_WARN_ABOUT_RETURN_TYPE = YES_ERROR;
				GCC_WARN_UNDECLARED_SELECTOR = YES;
				GCC_WARN_UNINITIALIZED_AUTOS = YES_AGGRESSIVE;
				GCC_WARN_UNUSED_FUNCTION = YES;
				GCC_WARN_UNUSED_VARIABLE = YES;
				MACOSX_DEPLOYMENT_TARGET = 10.10;
				MTL_ENABLE_DEBUG_INFO = YES;
				ONLY_ACTIVE_ARCH = YES;
				SDKROOT = macosx;
			};
			name = Debug;
		};
		A61F0E071B6D6691001989CB /* Release */ = {
			isa = XCBuildConfiguration;
			buildSettings = {
				ALWAYS_SEARCH_USER_PATHS = NO;
				CLANG_CXX_LANGUAGE_STANDARD = "gnu++0x";
				CLANG_CXX_LIBRARY = "libc++";
				CLANG_ENABLE_MODULES = YES;
				CLANG_ENABLE_OBJC_ARC = YES;
				CLANG_WARN_BOOL_CONVERSION = YES;
				CLANG_WARN_CONSTANT_CONVERSION = YES;
				CLANG_WARN_DIRECT_OBJC_ISA_USAGE = YES_ERROR;
				CLANG_WARN_EMPTY_BODY = YES;
				CLANG_WARN_ENUM_CONVERSION = YES;
				CLANG_WARN_INT_CONVERSION = YES;
				CLANG_WARN_OBJC_ROOT_CLASS = YES_ERROR;
				CLANG_WARN_UNREACHABLE_CODE = YES;
				CLANG_WARN__DUPLICATE_METHOD_MATCH = YES;
				COPY_PHASE_STRIP = NO;
				DEBUG_INFORMATION_FORMAT = "dwarf-with-dsym";
				ENABLE_NS_ASSERTIONS = NO;
				ENABLE_STRICT_OBJC_MSGSEND = YES;
				GCC_C_LANGUAGE_STANDARD = gnu99;
				GCC_NO_COMMON_BLOCKS = YES;
				GCC_WARN_64_TO_32_BIT_CONVERSION = YES;
				GCC_WARN_ABOUT_RETURN_TYPE = YES_ERROR;
				GCC_WARN_UNDECLARED_SELECTOR = YES;
				GCC_WARN_UNINITIALIZED_AUTOS = YES_AGGRESSIVE;
				GCC_WARN_UNUSED_FUNCTION = YES;
				GCC_WARN_UNUSED_VARIABLE = YES;
				MACOSX_DEPLOYMENT_TARGET = 10.10;
				MTL_ENABLE_DEBUG_INFO = NO;
				SDKROOT = macosx;
			};
			name = Release;
		};
		A61F0E091B6D6691001989CB /* Debug */ = {
			isa = XCBuildConfiguration;
			buildSettings = {
				HEADER_SEARCH_PATHS = (
					"$(inherited)",
					/Applications/Xcode.app/Contents/Developer/Toolchains/XcodeDefault.xctoolchain/usr/include,
					/opt/X11/include,
					/usr/local/include,
				);
				LIBRARY_SEARCH_PATHS = (
					/usr/local/lib,
					/opt/X11/lib,
					"/Users/Mikey/Downloads/opengl-series-master/platforms/osx",
					"$(PROJECT_DIR)/cs148project",
				);
				OTHER_LDFLAGS = "-lglfw3";
				PRODUCT_NAME = "$(TARGET_NAME)";
			};
			name = Debug;
		};
		A61F0E0A1B6D6691001989CB /* Release */ = {
			isa = XCBuildConfiguration;
			buildSettings = {
				HEADER_SEARCH_PATHS = (
					"$(inherited)",
					/Applications/Xcode.app/Contents/Developer/Toolchains/XcodeDefault.xctoolchain/usr/include,
					/opt/X11/include,
					/usr/local/include,
				);
				LIBRARY_SEARCH_PATHS = (
					/usr/local/lib,
					/opt/X11/lib,
					"/Users/Mikey/Downloads/opengl-series-master/platforms/osx",
					"$(PROJECT_DIR)/cs148project",
				);
				OTHER_LDFLAGS = "-lglfw3";
				PRODUCT_NAME = "$(TARGET_NAME)";
			};
			name = Release;
		};
/* End XCBuildConfiguration section */

/* Begin XCConfigurationList section */
		A61F0DFC1B6D6691001989CB /* Build configuration list for PBXProject "cs148project" */ = {
			isa = XCConfigurationList;
			buildConfigurations = (
				A61F0E061B6D6691001989CB /* Debug */,
				A61F0E071B6D6691001989CB /* Release */,
			);
			defaultConfigurationIsVisible = 0;
			defaultConfigurationName = Release;
		};
		A61F0E081B6D6691001989CB /* Build configuration list for PBXNativeTarget "cs148project" */ = {
			isa = XCConfigurationList;
			buildConfigurations = (
				A61F0E091B6D6691001989CB /* Debug */,
				A61F0E0A1B6D6691001989CB /* Release */,
			);
			defaultConfigurationIsVisible = 0;
			defaultConfigurationName = Release;
		};
/* End XCConfigurationList section */
	};
	rootObject = A61F0DF91B6D6691001989CB /* Project object */;
}
